# THIS IS AN AUTOGENERATED FILE. DO NOT EDIT THIS FILE DIRECTLY.
# yarn lockfile v1


"@angular/animations@^14.0.0 || ^15.0.0", "@angular/animations@14.0.0":
  "integrity" "sha512-HVcS4l0eStcA2RDDQcxqChFHVN3BfQdvx68HRTuVDYbUSS4xdL5Hsk8OMkczV1pFDn+URKH1A363bTy5juyDaQ=="
  "resolved" "https://registry.npmjs.org/@angular/animations/-/animations-14.0.0.tgz"
  "version" "14.0.0"
  dependencies:
    "tslib" "^2.3.0"

"@angular/cdk@^14.0.0", "@angular/cdk@14.0.0":
  "integrity" "sha512-9RnDlvskjXt1il9uWUidfHE98J9eYaVn+MCqhg0VLH1uHFcpt/dzoJ1nv71mC0anZHrClax29YMiEBnPFZaeFQ=="
  "resolved" "https://registry.npmjs.org/@angular/cdk/-/cdk-14.0.0.tgz"
  "version" "14.0.0"
  dependencies:
    "tslib" "^2.3.0"
  optionalDependencies:
    "parse5" "^5.0.0"

"@angular/common@^14.0.0", "@angular/common@^14.0.0 || ^15.0.0", "@angular/common@14.0.0":
  "integrity" "sha512-VYydSXelPlcAnWZs6SKkOxV+rNe8zOtHKLf9jBTYT5nP5P66+va4zITo1C9bs5tbK+mRssayf615+SIGEXyJFg=="
  "resolved" "https://registry.npmjs.org/@angular/common/-/common-14.0.0.tgz"
  "version" "14.0.0"
  dependencies:
    "tslib" "^2.3.0"

"@angular/core@^14.0.0", "@angular/core@^14.0.0 || ^15.0.0", "@angular/core@14.0.0":
  "integrity" "sha512-Mj3r8iMlWfMbY+9DRUFZx1gKnA27Jwx3ff/VXeXBgfxaEKDYmlZSnliZSV6ssiHSUwn/U6yxDXFgcZL090zNBQ=="
  "resolved" "https://registry.npmjs.org/@angular/core/-/core-14.0.0.tgz"
  "version" "14.0.0"
  dependencies:
    "tslib" "^2.3.0"

"@angular/forms@^14.0.0 || ^15.0.0":
  "integrity" "sha512-r2FHcJve+/rXU4wdCA50nwySGKB5/bxqpULOGeWs4FIdKcUoTnzHtqMsd7sUa7wOA40O4fBHAxKPDGPJPl5CEA=="
  "resolved" "https://registry.npmjs.org/@angular/forms/-/forms-14.0.0.tgz"
  "version" "14.0.0"
  dependencies:
    "tslib" "^2.3.0"

"@angular/material@^14.0.0":
  "integrity" "sha512-RNV1g7DbnlSI9rjsuqH+fO2e+IQCJEJmjBRGvx6dBYugiag4iR9ZnpHNued26UTJ+BPTemTA7a4cDzseKKB6NQ=="
  "resolved" "https://registry.npmjs.org/@angular/material/-/material-14.0.0.tgz"
  "version" "14.0.0"
  dependencies:
    "tslib" "^2.3.0"

"@angular/platform-browser@^14.0.0 || ^15.0.0", "@angular/platform-browser@14.0.0":
  "integrity" "sha512-zijIhUxu3nJxoI3mTWxs1d7dh9ovldI09diumlm/rOhj/46j4SvGn8swJvWr0eo/QipkdP+i2Q1lAlpmRfI+tQ=="
  "resolved" "https://registry.npmjs.org/@angular/platform-browser/-/platform-browser-14.0.0.tgz"
  "version" "14.0.0"
  dependencies:
    "tslib" "^2.3.0"

"@types/lodash@^4.14.182":
  "integrity" "sha512-/THyiqyQAP9AfARo4pF+aCGcyiQ94tX/Is2I7HofNRqoYLgN1PBoOWu2/zTA5zMxzP5EFutMtWtGAFRKUe961Q=="
  "resolved" "https://registry.npmjs.org/@types/lodash/-/lodash-4.14.182.tgz"
  "version" "4.14.182"

"intersection-observer@^0.12.0":
  "integrity" "sha512-2Vkz8z46Dv401zTWudDGwO7KiGHNDkMv417T5ItcNYfmvHR/1qCTVBO9vwH8zZmQ0WkA/1ARwpysR9bsnop4NQ=="
  "resolved" "https://registry.npmjs.org/intersection-observer/-/intersection-observer-0.12.0.tgz"
  "version" "0.12.0"

"parse5@^5.0.0":
  "integrity" "sha512-ugq4DFI0Ptb+WWjAdOK16+u/nHfiIrcE+sh8kZMaM0WllQKLI9rOUq6c2b7cwPkXdzfQESqvoqK6ug7U/Yyzug=="
  "resolved" "https://registry.npmjs.org/parse5/-/parse5-5.1.1.tgz"
  "version" "5.1.1"

"rxjs@^6.5.3 || ^7.4.0", "rxjs@^7.5.5":
  "integrity" "sha512-sy+H0pQofO95VDmFLzyaw9xNJU4KTRSwQIGM6+iG3SypAtCiLDzpeG8sJrNCWn2Up9km+KhkvTdbkrdy+yzZdw=="
  "resolved" "https://registry.npmjs.org/rxjs/-/rxjs-7.5.5.tgz"
  "version" "7.5.5"
  dependencies:
    "tslib" "^2.1.0"

"tslib@^2.1.0", "tslib@^2.3.0":
  "integrity" "sha512-d6xOpEDfsi2CZVlPQzGeux8XMwLT9hssAsaPYExaQMuYskwb+x1x7J371tWlbBdWHroy99KnVB6qIkUbs5X3UQ=="
  "resolved" "https://registry.npmjs.org/tslib/-/tslib-2.4.0.tgz"
  "version" "2.4.0"

"zone.js@^0.11.5", "zone.js@~0.11.4":
  "integrity" "sha512-D1/7VxEuQ7xk6z/kAROe4SUbd9CzxY4zOwVGnGHerd/SgLIVU5f4esDzQUsOCeArn933BZfWMKydH7l7dPEp0g=="
  "resolved" "https://registry.npmjs.org/zone.js/-/zone.js-0.11.5.tgz"
  "version" "0.11.5"
  dependencies:
    "tslib" "^2.3.0"
